
Microsoft Visual Studio Solution File, Format Version 12.00
# Visual Studio Version 17
VisualStudioVersion = 17.5.002.0
MinimumVisualStudioVersion = 10.0.40219.1
Project("{9A19103F-16F7-4668-BE54-9A1E7A4F7556}") = "Demo67215", "Demo67215.csproj", "{0EB91A58-92B7-46E6-80F2-A223145D9E26}"
EndProject
Global
	GlobalSection(SolutionConfigurationPlatforms) = preSolution
		Debug|Any CPU = Debug|Any CPU
		Release|Any CPU = Release|Any CPU
	EndGlobalSection
	GlobalSection(ProjectConfigurationPlatforms) = postSolution
		{0EB91A58-92B7-46E6-80F2-A223145D9E26}.Debug|Any CPU.ActiveCfg = Debug|Any CPU
		{0EB91A58-92B7-46E6-80F2-A223145D9E26}.Debug|Any CPU.Build.0 = Debug|Any CPU
		{0EB91A58-92B7-46E6-80F2-A223145D9E26}.Release|Any CPU.ActiveCfg = Release|Any CPU
		{0EB91A58-92B7-46E6-80F2-A223145D9E26}.Release|Any CPU.Build.0 = Release|Any CPU
	EndGlobalSection
	GlobalSection(SolutionProperties) = preSolution
		HideSolutionNode = FALSE
	EndGlobalSection
	GlobalSection(ExtensibilityGlobals) = postSolution
		SolutionGuid = {86BDD39F-2BA5-4B9A-A12B-D73C0EDA195A}
	EndGlobalSection
EndGlobal
